
Microsoft Visual Studio Solution File, Format Version 12.00
# Visual Studio Version 16
VisualStudioVersion = 16.0.32602.291
MinimumVisualStudioVersion = 10.0.40219.1
Project("{E24C65DC-7377-472B-9ABA-BC803B73C61A}") = "MicroOA", ".", "{59E0B241-782B-4A49-ACC9-DFCDDD2E303E}"
	ProjectSection(WebsiteProperties) = preProject
		TargetFrameworkMoniker = ".NETFramework,Version%3Dv4.8"
		Debug.AspNetCompiler.VirtualPath = "/localhost_57316"
		Debug.AspNetCompiler.PhysicalPath = "..\MicroOA\"
		Debug.AspNetCompiler.TargetPath = "PrecompiledWeb\localhost_57316\"
		Debug.AspNetCompiler.Updateable = "true"
		Debug.AspNetCompiler.ForceOverwrite = "true"
		Debug.AspNetCompiler.FixedNames = "false"
		Debug.AspNetCompiler.Debug = "True"
		Release.AspNetCompiler.VirtualPath = "/localhost_57316"
		Release.AspNetCompiler.PhysicalPath = "..\MicroOA\"
		Release.AspNetCompiler.TargetPath = "PrecompiledWeb\localhost_57316\"
		Release.AspNetCompiler.Updateable = "true"
		Release.AspNetCompiler.ForceOverwrite = "true"
		Release.AspNetCompiler.FixedNames = "false"
		Release.AspNetCompiler.Debug = "False"
		VWDPort = "57316"
		SlnRelativePath = "..\MicroOA\"
		DefaultWebSiteLanguage = "Visual C#"
	EndProjectSection
EndProject
Global
	GlobalSection(SolutionConfigurationPlatforms) = preSolution
		Debug|Any CPU = Debug|Any CPU
	EndGlobalSection
	GlobalSection(ProjectConfigurationPlatforms) = postSolution
		{59E0B241-782B-4A49-ACC9-DFCDDD2E303E}.Debug|Any CPU.ActiveCfg = Debug|Any CPU
		{59E0B241-782B-4A49-ACC9-DFCDDD2E303E}.Debug|Any CPU.Build.0 = Debug|Any CPU
	EndGlobalSection
	GlobalSection(SolutionProperties) = preSolution
		HideSolutionNode = FALSE
	EndGlobalSection
	GlobalSection(ExtensibilityGlobals) = postSolution
		SolutionGuid = {9933EFFC-84F6-44F5-9EAE-B16F9715FDB4}
	EndGlobalSection
EndGlobal
